
Microsoft Visual Studio Solution File, Format Version 12.00
# Visual Studio Version 16
VisualStudioVersion = 16.0.30804.86
MinimumVisualStudioVersion = 10.0.40219.1
Project("{9A19103F-16F7-4668-BE54-9A1E7A4F7556}") = "DataAccess", "DataAccess\DataAccess.csproj", "{C51BBB81-B4AE-4B5B-8B1C-98D6868A369D}"
EndProject
Project("{9A19103F-16F7-4668-BE54-9A1E7A4F7556}") = "Business", "Business\Business.csproj", "{5833D165-77C0-45F3-B0B5-C4B97266FDDF}"
EndProject
Project("{9A19103F-16F7-4668-BE54-9A1E7A4F7556}") = "Entities", "Entities\Entities.csproj", "{2BE75AAB-C3F1-489F-BFD3-6CCCFD19591B}"
EndProject
Project("{9A19103F-16F7-4668-BE54-9A1E7A4F7556}") = "ConsoleUI", "ConsoleUI\ConsoleUI.csproj", "{B76F65C5-77EE-49E6-8786-8460DF003B2F}"
EndProject
Project("{FAE04EC0-301F-11D3-BF4B-00C04F79EFBC}") = "Core", "Core\Core.csproj", "{C08DD60F-5B75-4DC3-9231-8D48905EACE1}"
EndProject
Global
	GlobalSection(SolutionConfigurationPlatforms) = preSolution
		Debug|Any CPU = Debug|Any CPU
		Release|Any CPU = Release|Any CPU
	EndGlobalSection
	GlobalSection(ProjectConfigurationPlatforms) = postSolution
		{C51BBB81-B4AE-4B5B-8B1C-98D6868A369D}.Debug|Any CPU.ActiveCfg = Debug|Any CPU
		{C51BBB81-B4AE-4B5B-8B1C-98D6868A369D}.Debug|Any CPU.Build.0 = Debug|Any CPU
		{C51BBB81-B4AE-4B5B-8B1C-98D6868A369D}.Release|Any CPU.ActiveCfg = Release|Any CPU
		{C51BBB81-B4AE-4B5B-8B1C-98D6868A369D}.Release|Any CPU.Build.0 = Release|Any CPU
		{5833D165-77C0-45F3-B0B5-C4B97266FDDF}.Debug|Any CPU.ActiveCfg = Debug|Any CPU
		{5833D165-77C0-45F3-B0B5-C4B97266FDDF}.Debug|Any CPU.Build.0 = Debug|Any CPU
		{5833D165-77C0-45F3-B0B5-C4B97266FDDF}.Release|Any CPU.ActiveCfg = Release|Any CPU
		{5833D165-77C0-45F3-B0B5-C4B97266FDDF}.Release|Any CPU.Build.0 = Release|Any CPU
		{2BE75AAB-C3F1-489F-BFD3-6CCCFD19591B}.Debug|Any CPU.ActiveCfg = Debug|Any CPU
		{2BE75AAB-C3F1-489F-BFD3-6CCCFD19591B}.Debug|Any CPU.Build.0 = Debug|Any CPU
		{2BE75AAB-C3F1-489F-BFD3-6CCCFD19591B}.Release|Any CPU.ActiveCfg = Release|Any CPU
		{2BE75AAB-C3F1-489F-BFD3-6CCCFD19591B}.Release|Any CPU.Build.0 = Release|Any CPU
		{B76F65C5-77EE-49E6-8786-8460DF003B2F}.Debug|Any CPU.ActiveCfg = Debug|Any CPU
		{B76F65C5-77EE-49E6-8786-8460DF003B2F}.Debug|Any CPU.Build.0 = Debug|Any CPU
		{B76F65C5-77EE-49E6-8786-8460DF003B2F}.Release|Any CPU.ActiveCfg = Release|Any CPU
		{B76F65C5-77EE-49E6-8786-8460DF003B2F}.Release|Any CPU.Build.0 = Release|Any CPU
		{C08DD60F-5B75-4DC3-9231-8D48905EACE1}.Debug|Any CPU.ActiveCfg = Debug|Any CPU
		{C08DD60F-5B75-4DC3-9231-8D48905EACE1}.Debug|Any CPU.Build.0 = Debug|Any CPU
		{C08DD60F-5B75-4DC3-9231-8D48905EACE1}.Release|Any CPU.ActiveCfg = Release|Any CPU
		{C08DD60F-5B75-4DC3-9231-8D48905EACE1}.Release|Any CPU.Build.0 = Release|Any CPU
	EndGlobalSection
	GlobalSection(SolutionProperties) = preSolution
		HideSolutionNode = FALSE
	EndGlobalSection
	GlobalSection(ExtensibilityGlobals) = postSolution
		SolutionGuid = {CFC455BE-BD15-485B-B129-CFC8E090D838}
	EndGlobalSection
EndGlobal
